NeoBundleLock AnsiEsc.vim d2bb7878622e4c16203acf1c92a0f4bc7ac58003
NeoBundleLock context_filetype.vim 9ed76080795ef76f52b8c9ae4432df7cd81abc5a
NeoBundleLock emmet-vim f5b185e3a27d8db82b93bf7070387a332395abe1
NeoBundleLock indentLine 4e4964d148f552bdec8c4271ed94d77eaa6c7543
NeoBundleLock lightline.vim 555f202e33987863aaa31bf4df75ef989c3c49a7
NeoBundleLock molokai c67bdfcdb31415aa0ade7f8c003261700a885476
NeoBundleLock neco-gh-issues d3d919a5ee5b802117732ad8b900597712c06443
NeoBundleLock neco-look 4ead88e70f359fb9cef6537ed9c336b7673c1b4c
NeoBundleLock neco-syntax 98cba4a98a4f44dcff80216d0b4aa6f41c2ce3e3
NeoBundleLock neobundle.vim 26d03781886ed887e390d4ad8b935987754b1c2c
NeoBundleLock neocomplete 4be617947f3fcf2d725fab20b0e12f8b46c9e2f3
NeoBundleLock neomru.vim 97540f54fa20b94daf306f0c1f3cce983bbf7a1d
NeoBundleLock neosnippet 924e01541c02e974cf848a2ffdafaf29aac94d54
NeoBundleLock neosnippet-snippets 1f2021fd12025d6b036234af6cdf92d73612a4f1
NeoBundleLock typescript-vim e25636b44211a4be7b089bfed7cf09aa7dd086f5
NeoBundleLock unite-colorscheme 505157450fe1a967c6c044d3bfe18d896e3d5d08
NeoBundleLock unite-outline 66cc3f76a26f6d0095b6543948f4f505ef8a61ae
NeoBundleLock unite.vim 7252fc334ed24722ad70867ba9e4aba125b611d7
NeoBundleLock vim-easy-align 1cd724dc239c3a0f7a12e0fac85945cc3dbe07b0
NeoBundleLock vim-expand-region 966513543de0ddc2d673b5528a056269e7917276
NeoBundleLock vim-json 3727f089410e23ae113be6222e8a08dd2613ecf2
NeoBundleLock vim-solidity 569bbbedc3898236d5912fed0caf114936112ae4
NeoBundleLock vim-surround 643a42454bc8c2b2735de14f309523ce733a5358
